
Microsoft Visual Studio Solution File, Format Version 12.00
# Visual Studio Version 16
VisualStudioVersion = 16.0.31229.75
MinimumVisualStudioVersion = 10.0.40219.1
Project("{FAE04EC0-301F-11D3-BF4B-00C04F79EFBC}") = "Calculator_Lab5_300315653", "Calculator_Lab5_300315653.csproj", "{5D726DF7-FE24-4050-AE43-8D5FF6372C66}"
EndProject
Global
	GlobalSection(SolutionConfigurationPlatforms) = preSolution
		Debug|Any CPU = Debug|Any CPU
		Release|Any CPU = Release|Any CPU
	EndGlobalSection
	GlobalSection(ProjectConfigurationPlatforms) = postSolution
		{5D726DF7-FE24-4050-AE43-8D5FF6372C66}.Debug|Any CPU.ActiveCfg = Debug|Any CPU
		{5D726DF7-FE24-4050-AE43-8D5FF6372C66}.Debug|Any CPU.Build.0 = Debug|Any CPU
		{5D726DF7-FE24-4050-AE43-8D5FF6372C66}.Release|Any CPU.ActiveCfg = Release|Any CPU
		{5D726DF7-FE24-4050-AE43-8D5FF6372C66}.Release|Any CPU.Build.0 = Release|Any CPU
	EndGlobalSection
	GlobalSection(SolutionProperties) = preSolution
		HideSolutionNode = FALSE
	EndGlobalSection
	GlobalSection(ExtensibilityGlobals) = postSolution
		SolutionGuid = {150AA43B-C2D8-465E-B779-766D82E0F059}
	EndGlobalSection
EndGlobal
